// !$*UTF8*$!
{
	archiveVersion = 1;
	classes = {
	};
	objectVersion = 56;
	objects = {

/* Begin PBXBuildFile section */
		BF3E12BB2B1D5D5000F148F3 /* AOC2023App.swift in Sources */ = {isa = PBXBuildFile; fileRef = BF3E12BA2B1D5D5000F148F3 /* AOC2023App.swift */; };
		BF3E12BF2B1D5D5100F148F3 /* Assets.xcassets in Resources */ = {isa = PBXBuildFile; fileRef = BF3E12BE2B1D5D5100F148F3 /* Assets.xcassets */; };
		BF3E12C22B1D5D5100F148F3 /* Preview Assets.xcassets in Resources */ = {isa = PBXBuildFile; fileRef = BF3E12C12B1D5D5100F148F3 /* Preview Assets.xcassets */; };
		BF3E12CC2B1D5D5100F148F3 /* AOC2023Tests.swift in Sources */ = {isa = PBXBuildFile; fileRef = BF3E12CB2B1D5D5100F148F3 /* AOC2023Tests.swift */; };
		BF3E12E52B1D5D9400F148F3 /* Puzzles2023.swift in Sources */ = {isa = PBXBuildFile; fileRef = BF3E12E42B1D5D9400F148F3 /* Puzzles2023.swift */; };
		BF3E12F72B1D5E5300F148F3 /* Input1.txt in Resources */ = {isa = PBXBuildFile; fileRef = BF3E12EC2B1D5E5300F148F3 /* Input1.txt */; };
		BF3E12F82B1D5E5300F148F3 /* Input1.txt in Resources */ = {isa = PBXBuildFile; fileRef = BF3E12EC2B1D5E5300F148F3 /* Input1.txt */; };
		BF3E12F92B1D5E5300F148F3 /* Example1.txt in Resources */ = {isa = PBXBuildFile; fileRef = BF3E12ED2B1D5E5300F148F3 /* Example1.txt */; };
		BF3E12FA2B1D5E5300F148F3 /* Example1.txt in Resources */ = {isa = PBXBuildFile; fileRef = BF3E12ED2B1D5E5300F148F3 /* Example1.txt */; };
		BF3E12FB2B1D5E5300F148F3 /* Solve1.swift in Sources */ = {isa = PBXBuildFile; fileRef = BF3E12EE2B1D5E5300F148F3 /* Solve1.swift */; };
		BF3E12FC2B1D5E5300F148F3 /* Solve1.swift in Sources */ = {isa = PBXBuildFile; fileRef = BF3E12EE2B1D5E5300F148F3 /* Solve1.swift */; };
		BF3E12FD2B1D5E5300F148F3 /* Solve2.swift in Sources */ = {isa = PBXBuildFile; fileRef = BF3E12F02B1D5E5300F148F3 /* Solve2.swift */; };
		BF3E12FE2B1D5E5300F148F3 /* Solve2.swift in Sources */ = {isa = PBXBuildFile; fileRef = BF3E12F02B1D5E5300F148F3 /* Solve2.swift */; };
		BF3E12FF2B1D5E5300F148F3 /* Input2.txt in Resources */ = {isa = PBXBuildFile; fileRef = BF3E12F12B1D5E5300F148F3 /* Input2.txt */; };
		BF3E13002B1D5E5300F148F3 /* Input2.txt in Resources */ = {isa = PBXBuildFile; fileRef = BF3E12F12B1D5E5300F148F3 /* Input2.txt */; };
		BF3E13012B1D5E5300F148F3 /* Example2.txt in Resources */ = {isa = PBXBuildFile; fileRef = BF3E12F22B1D5E5300F148F3 /* Example2.txt */; };
		BF3E13022B1D5E5300F148F3 /* Example2.txt in Resources */ = {isa = PBXBuildFile; fileRef = BF3E12F22B1D5E5300F148F3 /* Example2.txt */; };
		BF3E13032B1D5E5300F148F3 /* Input3.txt in Resources */ = {isa = PBXBuildFile; fileRef = BF3E12F42B1D5E5300F148F3 /* Input3.txt */; };
		BF3E13042B1D5E5300F148F3 /* Input3.txt in Resources */ = {isa = PBXBuildFile; fileRef = BF3E12F42B1D5E5300F148F3 /* Input3.txt */; };
		BF3E13052B1D5E5300F148F3 /* Example3.txt in Resources */ = {isa = PBXBuildFile; fileRef = BF3E12F52B1D5E5300F148F3 /* Example3.txt */; };
		BF3E13062B1D5E5300F148F3 /* Example3.txt in Resources */ = {isa = PBXBuildFile; fileRef = BF3E12F52B1D5E5300F148F3 /* Example3.txt */; };
		BF3E13072B1D5E5300F148F3 /* Solve3.swift in Sources */ = {isa = PBXBuildFile; fileRef = BF3E12F62B1D5E5300F148F3 /* Solve3.swift */; };
		BF3E13082B1D5E5300F148F3 /* Solve3.swift in Sources */ = {isa = PBXBuildFile; fileRef = BF3E12F62B1D5E5300F148F3 /* Solve3.swift */; };
		BF3E130B2B1D5EA500F148F3 /* AOCLib in Frameworks */ = {isa = PBXBuildFile; productRef = BF3E130A2B1D5EA500F148F3 /* AOCLib */; };
		BF44DECA2B1D644A001964F7 /* Example1b.txt in Resources */ = {isa = PBXBuildFile; fileRef = BF44DEC92B1D644A001964F7 /* Example1b.txt */; };
/* End PBXBuildFile section */

/* Begin PBXContainerItemProxy section */
		BF3E12C82B1D5D5100F148F3 /* PBXContainerItemProxy */ = {
			isa = PBXContainerItemProxy;
			containerPortal = BF3E12AF2B1D5D5000F148F3 /* Project object */;
			proxyType = 1;
			remoteGlobalIDString = BF3E12B62B1D5D5000F148F3;
			remoteInfo = AOC2023;
		};
/* End PBXContainerItemProxy section */

/* Begin PBXFileReference section */
		BF3E12B72B1D5D5000F148F3 /* AOC2023.app */ = {isa = PBXFileReference; explicitFileType = wrapper.application; includeInIndex = 0; path = AOC2023.app; sourceTree = BUILT_PRODUCTS_DIR; };
		BF3E12BA2B1D5D5000F148F3 /* AOC2023App.swift */ = {isa = PBXFileReference; lastKnownFileType = sourcecode.swift; path = AOC2023App.swift; sourceTree = "<group>"; };
		BF3E12BE2B1D5D5100F148F3 /* Assets.xcassets */ = {isa = PBXFileReference; lastKnownFileType = folder.assetcatalog; path = Assets.xcassets; sourceTree = "<group>"; };
		BF3E12C12B1D5D5100F148F3 /* Preview Assets.xcassets */ = {isa = PBXFileReference; lastKnownFileType = folder.assetcatalog; path = "Preview Assets.xcassets"; sourceTree = "<group>"; };
		BF3E12C72B1D5D5100F148F3 /* AOC2023Tests.xctest */ = {isa = PBXFileReference; explicitFileType = wrapper.cfbundle; includeInIndex = 0; path = AOC2023Tests.xctest; sourceTree = BUILT_PRODUCTS_DIR; };
		BF3E12CB2B1D5D5100F148F3 /* AOC2023Tests.swift */ = {isa = PBXFileReference; lastKnownFileType = sourcecode.swift; path = AOC2023Tests.swift; sourceTree = "<group>"; };
		BF3E12E42B1D5D9400F148F3 /* Puzzles2023.swift */ = {isa = PBXFileReference; lastKnownFileType = sourcecode.swift; path = Puzzles2023.swift; sourceTree = "<group>"; };
		BF3E12EC2B1D5E5300F148F3 /* Input1.txt */ = {isa = PBXFileReference; fileEncoding = 4; lastKnownFileType = text; path = Input1.txt; sourceTree = "<group>"; };
		BF3E12ED2B1D5E5300F148F3 /* Example1.txt */ = {isa = PBXFileReference; fileEncoding = 4; lastKnownFileType = text; path = Example1.txt; sourceTree = "<group>"; };
		BF3E12EE2B1D5E5300F148F3 /* Solve1.swift */ = {isa = PBXFileReference; fileEncoding = 4; lastKnownFileType = sourcecode.swift; path = Solve1.swift; sourceTree = "<group>"; };
		BF3E12F02B1D5E5300F148F3 /* Solve2.swift */ = {isa = PBXFileReference; fileEncoding = 4; lastKnownFileType = sourcecode.swift; path = Solve2.swift; sourceTree = "<group>"; };
		BF3E12F12B1D5E5300F148F3 /* Input2.txt */ = {isa = PBXFileReference; fileEncoding = 4; lastKnownFileType = text; path = Input2.txt; sourceTree = "<group>"; };
		BF3E12F22B1D5E5300F148F3 /* Example2.txt */ = {isa = PBXFileReference; fileEncoding = 4; lastKnownFileType = text; path = Example2.txt; sourceTree = "<group>"; };
		BF3E12F42B1D5E5300F148F3 /* Input3.txt */ = {isa = PBXFileReference; fileEncoding = 4; lastKnownFileType = text; path = Input3.txt; sourceTree = "<group>"; };
		BF3E12F52B1D5E5300F148F3 /* Example3.txt */ = {isa = PBXFileReference; fileEncoding = 4; lastKnownFileType = text; path = Example3.txt; sourceTree = "<group>"; };
		BF3E12F62B1D5E5300F148F3 /* Solve3.swift */ = {isa = PBXFileReference; fileEncoding = 4; lastKnownFileType = sourcecode.swift; path = Solve3.swift; sourceTree = "<group>"; };
		BF44DEC92B1D644A001964F7 /* Example1b.txt */ = {isa = PBXFileReference; lastKnownFileType = text; path = Example1b.txt; sourceTree = "<group>"; };
/* End PBXFileReference section */

/* Begin PBXFrameworksBuildPhase section */
		BF3E12B42B1D5D5000F148F3 /* Frameworks */ = {
			isa = PBXFrameworksBuildPhase;
			buildActionMask = 2147483647;
			files = (
				BF3E130B2B1D5EA500F148F3 /* AOCLib in Frameworks */,
			);
			runOnlyForDeploymentPostprocessing = 0;
		};
		BF3E12C42B1D5D5100F148F3 /* Frameworks */ = {
			isa = PBXFrameworksBuildPhase;
			buildActionMask = 2147483647;
			files = (
			);
			runOnlyForDeploymentPostprocessing = 0;
		};
/* End PBXFrameworksBuildPhase section */

/* Begin PBXGroup section */
		BF3E12AE2B1D5D5000F148F3 = {
			isa = PBXGroup;
			children = (
				BF3E12B92B1D5D5000F148F3 /* AOC2023 */,
				BF3E12CA2B1D5D5100F148F3 /* AOC2023Tests */,
				BF3E12B82B1D5D5000F148F3 /* Products */,
			);
			sourceTree = "<group>";
		};
		BF3E12B82B1D5D5000F148F3 /* Products */ = {
			isa = PBXGroup;
			children = (
				BF3E12B72B1D5D5000F148F3 /* AOC2023.app */,
				BF3E12C72B1D5D5100F148F3 /* AOC2023Tests.xctest */,
			);
			name = Products;
			sourceTree = "<group>";
		};
		BF3E12B92B1D5D5000F148F3 /* AOC2023 */ = {
			isa = PBXGroup;
			children = (
				BF3E12E62B1D5DE000F148F3 /* Puzzles */,
				BF3E12BA2B1D5D5000F148F3 /* AOC2023App.swift */,
				BF3E12E42B1D5D9400F148F3 /* Puzzles2023.swift */,
				BF3E12BE2B1D5D5100F148F3 /* Assets.xcassets */,
				BF3E12C02B1D5D5100F148F3 /* Preview Content */,
			);
			path = AOC2023;
			sourceTree = "<group>";
		};
		BF3E12C02B1D5D5100F148F3 /* Preview Content */ = {
			isa = PBXGroup;
			children = (
				BF3E12C12B1D5D5100F148F3 /* Preview Assets.xcassets */,
			);
			path = "Preview Content";
			sourceTree = "<group>";
		};
		BF3E12CA2B1D5D5100F148F3 /* AOC2023Tests */ = {
			isa = PBXGroup;
			children = (
				BF3E12CB2B1D5D5100F148F3 /* AOC2023Tests.swift */,
			);
			path = AOC2023Tests;
			sourceTree = "<group>";
		};
		BF3E12E62B1D5DE000F148F3 /* Puzzles */ = {
			isa = PBXGroup;
			children = (
				BF3E12EB2B1D5E5300F148F3 /* 1 */,
				BF3E12EF2B1D5E5300F148F3 /* 2 */,
				BF3E12F32B1D5E5300F148F3 /* 3 */,
			);
			path = Puzzles;
			sourceTree = "<group>";
		};
		BF3E12EB2B1D5E5300F148F3 /* 1 */ = {
			isa = PBXGroup;
			children = (
				BF3E12EE2B1D5E5300F148F3 /* Solve1.swift */,
				BF44DEC92B1D644A001964F7 /* Example1b.txt */,
				BF3E12EC2B1D5E5300F148F3 /* Input1.txt */,
				BF3E12ED2B1D5E5300F148F3 /* Example1.txt */,
			);
			path = 1;
			sourceTree = "<group>";
		};
		BF3E12EF2B1D5E5300F148F3 /* 2 */ = {
			isa = PBXGroup;
			children = (
				BF3E12F02B1D5E5300F148F3 /* Solve2.swift */,
				BF3E12F12B1D5E5300F148F3 /* Input2.txt */,
				BF3E12F22B1D5E5300F148F3 /* Example2.txt */,
			);
			path = 2;
			sourceTree = "<group>";
		};
		BF3E12F32B1D5E5300F148F3 /* 3 */ = {
			isa = PBXGroup;
			children = (
				BF3E12F62B1D5E5300F148F3 /* Solve3.swift */,
				BF3E12F42B1D5E5300F148F3 /* Input3.txt */,
				BF3E12F52B1D5E5300F148F3 /* Example3.txt */,
			);
			path = 3;
			sourceTree = "<group>";
		};
/* End PBXGroup section */

/* Begin PBXNativeTarget section */
		BF3E12B62B1D5D5000F148F3 /* AOC2023 */ = {
			isa = PBXNativeTarget;
			buildConfigurationList = BF3E12DB2B1D5D5100F148F3 /* Build configuration list for PBXNativeTarget "AOC2023" */;
			buildPhases = (
				BF3E12B32B1D5D5000F148F3 /* Sources */,
				BF3E12B42B1D5D5000F148F3 /* Frameworks */,
				BF3E12B52B1D5D5000F148F3 /* Resources */,
			);
			buildRules = (
			);
			dependencies = (
			);
			name = AOC2023;
			packageProductDependencies = (
				BF3E130A2B1D5EA500F148F3 /* AOCLib */,
			);
			productName = AOC2023;
			productReference = BF3E12B72B1D5D5000F148F3 /* AOC2023.app */;
			productType = "com.apple.product-type.application";
		};
		BF3E12C62B1D5D5100F148F3 /* AOC2023Tests */ = {
			isa = PBXNativeTarget;
			buildConfigurationList = BF3E12DE2B1D5D5100F148F3 /* Build configuration list for PBXNativeTarget "AOC2023Tests" */;
			buildPhases = (
				BF3E12C32B1D5D5100F148F3 /* Sources */,
				BF3E12C42B1D5D5100F148F3 /* Frameworks */,
				BF3E12C52B1D5D5100F148F3 /* Resources */,
			);
			buildRules = (
			);
			dependencies = (
				BF3E12C92B1D5D5100F148F3 /* PBXTargetDependency */,
			);
			name = AOC2023Tests;
			productName = AOC2023Tests;
			productReference = BF3E12C72B1D5D5100F148F3 /* AOC2023Tests.xctest */;
			productType = "com.apple.product-type.bundle.unit-test";
		};
/* End PBXNativeTarget section */

/* Begin PBXProject section */
		BF3E12AF2B1D5D5000F148F3 /* Project object */ = {
			isa = PBXProject;
			attributes = {
				BuildIndependentTargetsInParallel = 1;
				LastSwiftUpdateCheck = 1500;
				LastUpgradeCheck = 1500;
				TargetAttributes = {
					BF3E12B62B1D5D5000F148F3 = {
						CreatedOnToolsVersion = 15.0;
					};
					BF3E12C62B1D5D5100F148F3 = {
						CreatedOnToolsVersion = 15.0;
						TestTargetID = BF3E12B62B1D5D5000F148F3;
					};
				};
			};
			buildConfigurationList = BF3E12B22B1D5D5000F148F3 /* Build configuration list for PBXProject "AOC2023" */;
			compatibilityVersion = "Xcode 14.0";
			developmentRegion = en;
			hasScannedForEncodings = 0;
			knownRegions = (
				en,
				Base,
			);
			mainGroup = BF3E12AE2B1D5D5000F148F3;
			packageReferences = (
				BF3E13092B1D5EA500F148F3 /* XCRemoteSwiftPackageReference "AOCLib" */,
			);
			productRefGroup = BF3E12B82B1D5D5000F148F3 /* Products */;
			projectDirPath = "";
			projectRoot = "";
			targets = (
				BF3E12B62B1D5D5000F148F3 /* AOC2023 */,
				BF3E12C62B1D5D5100F148F3 /* AOC2023Tests */,
			);
		};
/* End PBXProject section */

/* Begin PBXResourcesBuildPhase section */
		BF3E12B52B1D5D5000F148F3 /* Resources */ = {
			isa = PBXResourcesBuildPhase;
			buildActionMask = 2147483647;
			files = (
				BF3E13012B1D5E5300F148F3 /* Example2.txt in Resources */,
				BF3E13052B1D5E5300F148F3 /* Example3.txt in Resources */,
				BF3E12C22B1D5D5100F148F3 /* Preview Assets.xcassets in Resources */,
				BF3E12F72B1D5E5300F148F3 /* Input1.txt in Resources */,
				BF3E12BF2B1D5D5100F148F3 /* Assets.xcassets in Resources */,
				BF3E12FF2B1D5E5300F148F3 /* Input2.txt in Resources */,
				BF44DECA2B1D644A001964F7 /* Example1b.txt in Resources */,
				BF3E13032B1D5E5300F148F3 /* Input3.txt in Resources */,
				BF3E12F92B1D5E5300F148F3 /* Example1.txt in Resources */,
			);
			runOnlyForDeploymentPostprocessing = 0;
		};
		BF3E12C52B1D5D5100F148F3 /* Resources */ = {
			isa = PBXResourcesBuildPhase;
			buildActionMask = 2147483647;
			files = (
				BF3E13022B1D5E5300F148F3 /* Example2.txt in Resources */,
				BF3E13002B1D5E5300F148F3 /* Input2.txt in Resources */,
				BF3E12F82B1D5E5300F148F3 /* Input1.txt in Resources */,
				BF3E13062B1D5E5300F148F3 /* Example3.txt in Resources */,
				BF3E13042B1D5E5300F148F3 /* Input3.txt in Resources */,
				BF3E12FA2B1D5E5300F148F3 /* Example1.txt in Resources */,
			);
			runOnlyForDeploymentPostprocessing = 0;
		};
/* End PBXResourcesBuildPhase section */

/* Begin PBXSourcesBuildPhase section */
		BF3E12B32B1D5D5000F148F3 /* Sources */ = {
			isa = PBXSourcesBuildPhase;
			buildActionMask = 2147483647;
			files = (
				BF3E12FB2B1D5E5300F148F3 /* Solve1.swift in Sources */,
				BF3E12FD2B1D5E5300F148F3 /* Solve2.swift in Sources */,
				BF3E12E52B1D5D9400F148F3 /* Puzzles2023.swift in Sources */,
				BF3E13072B1D5E5300F148F3 /* Solve3.swift in Sources */,
				BF3E12BB2B1D5D5000F148F3 /* AOC2023App.swift in Sources */,
			);
			runOnlyForDeploymentPostprocessing = 0;
		};
		BF3E12C32B1D5D5100F148F3 /* Sources */ = {
			isa = PBXSourcesBuildPhase;
			buildActionMask = 2147483647;
			files = (
				BF3E13082B1D5E5300F148F3 /* Solve3.swift in Sources */,
				BF3E12CC2B1D5D5100F148F3 /* AOC2023Tests.swift in Sources */,
				BF3E12FE2B1D5E5300F148F3 /* Solve2.swift in Sources */,
				BF3E12FC2B1D5E5300F148F3 /* Solve1.swift in Sources */,
			);
			runOnlyForDeploymentPostprocessing = 0;
		};
/* End PBXSourcesBuildPhase section */

/* Begin PBXTargetDependency section */
		BF3E12C92B1D5D5100F148F3 /* PBXTargetDependency */ = {
			isa = PBXTargetDependency;
			target = BF3E12B62B1D5D5000F148F3 /* AOC2023 */;
			targetProxy = BF3E12C82B1D5D5100F148F3 /* PBXContainerItemProxy */;
		};
/* End PBXTargetDependency section */

/* Begin XCBuildConfiguration section */
		BF3E12D92B1D5D5100F148F3 /* Debug */ = {
			isa = XCBuildConfiguration;
			buildSettings = {
				ALWAYS_SEARCH_USER_PATHS = NO;
				ASSETCATALOG_COMPILER_GENERATE_SWIFT_ASSET_SYMBOL_EXTENSIONS = YES;
				CLANG_ANALYZER_NONNULL = YES;
				CLANG_ANALYZER_NUMBER_OBJECT_CONVERSION = YES_AGGRESSIVE;
				CLANG_CXX_LANGUAGE_STANDARD = "gnu++20";
				CLANG_ENABLE_MODULES = YES;
				CLANG_ENABLE_OBJC_ARC = YES;
				CLANG_ENABLE_OBJC_WEAK = YES;
				CLANG_WARN_BLOCK_CAPTURE_AUTORELEASING = YES;
				CLANG_WARN_BOOL_CONVERSION = YES;
				CLANG_WARN_COMMA = YES;
				CLANG_WARN_CONSTANT_CONVERSION = YES;
				CLANG_WARN_DEPRECATED_OBJC_IMPLEMENTATIONS = YES;
				CLANG_WARN_DIRECT_OBJC_ISA_USAGE = YES_ERROR;
				CLANG_WARN_DOCUMENTATION_COMMENTS = YES;
				CLANG_WARN_EMPTY_BODY = YES;
				CLANG_WARN_ENUM_CONVERSION = YES;
				CLANG_WARN_INFINITE_RECURSION = YES;
				CLANG_WARN_INT_CONVERSION = YES;
				CLANG_WARN_NON_LITERAL_NULL_CONVERSION = YES;
				CLANG_WARN_OBJC_IMPLICIT_RETAIN_SELF = YES;
				CLANG_WARN_OBJC_LITERAL_CONVERSION = YES;
				CLANG_WARN_OBJC_ROOT_CLASS = YES_ERROR;
				CLANG_WARN_QUOTED_INCLUDE_IN_FRAMEWORK_HEADER = YES;
				CLANG_WARN_RANGE_LOOP_ANALYSIS = YES;
				CLANG_WARN_STRICT_PROTOTYPES = YES;
				CLANG_WARN_SUSPICIOUS_MOVE = YES;
				CLANG_WARN_UNGUARDED_AVAILABILITY = YES_AGGRESSIVE;
				CLANG_WARN_UNREACHABLE_CODE = YES;
				CLANG_WARN__DUPLICATE_METHOD_MATCH = YES;
				COPY_PHASE_STRIP = NO;
				DEBUG_INFORMATION_FORMAT = dwarf;
				ENABLE_STRICT_OBJC_MSGSEND = YES;
				ENABLE_TESTABILITY = YES;
				ENABLE_USER_SCRIPT_SANDBOXING = YES;
				GCC_C_LANGUAGE_STANDARD = gnu17;
				GCC_DYNAMIC_NO_PIC = NO;
				GCC_NO_COMMON_BLOCKS = YES;
				GCC_OPTIMIZATION_LEVEL = 0;
				GCC_PREPROCESSOR_DEFINITIONS = (
					"DEBUG=1",
					"$(inherited)",
				);
				GCC_WARN_64_TO_32_BIT_CONVERSION = YES;
				GCC_WARN_ABOUT_RETURN_TYPE = YES_ERROR;
				GCC_WARN_UNDECLARED_SELECTOR = YES;
				GCC_WARN_UNINITIALIZED_AUTOS = YES_AGGRESSIVE;
				GCC_WARN_UNUSED_FUNCTION = YES;
				GCC_WARN_UNUSED_VARIABLE = YES;
				IPHONEOS_DEPLOYMENT_TARGET = 17.0;
				LOCALIZATION_PREFERS_STRING_CATALOGS = YES;
				MTL_ENABLE_DEBUG_INFO = INCLUDE_SOURCE;
				MTL_FAST_MATH = YES;
				ONLY_ACTIVE_ARCH = YES;
				SDKROOT = iphoneos;
				SWIFT_ACTIVE_COMPILATION_CONDITIONS = "DEBUG $(inherited)";
				SWIFT_OPTIMIZATION_LEVEL = "-Onone";
			};
			name = Debug;
		};
		BF3E12DA2B1D5D5100F148F3 /* Release */ = {
			isa = XCBuildConfiguration;
			buildSettings = {
				ALWAYS_SEARCH_USER_PATHS = NO;
				ASSETCATALOG_COMPILER_GENERATE_SWIFT_ASSET_SYMBOL_EXTENSIONS = YES;
				CLANG_ANALYZER_NONNULL = YES;
				CLANG_ANALYZER_NUMBER_OBJECT_CONVERSION = YES_AGGRESSIVE;
				CLANG_CXX_LANGUAGE_STANDARD = "gnu++20";
				CLANG_ENABLE_MODULES = YES;
				CLANG_ENABLE_OBJC_ARC = YES;
				CLANG_ENABLE_OBJC_WEAK = YES;
				CLANG_WARN_BLOCK_CAPTURE_AUTORELEASING = YES;
				CLANG_WARN_BOOL_CONVERSION = YES;
				CLANG_WARN_COMMA = YES;
				CLANG_WARN_CONSTANT_CONVERSION = YES;
				CLANG_WARN_DEPRECATED_OBJC_IMPLEMENTATIONS = YES;
				CLANG_WARN_DIRECT_OBJC_ISA_USAGE = YES_ERROR;
				CLANG_WARN_DOCUMENTATION_COMMENTS = YES;
				CLANG_WARN_EMPTY_BODY = YES;
				CLANG_WARN_ENUM_CONVERSION = YES;
				CLANG_WARN_INFINITE_RECURSION = YES;
				CLANG_WARN_INT_CONVERSION = YES;
				CLANG_WARN_NON_LITERAL_NULL_CONVERSION = YES;
				CLANG_WARN_OBJC_IMPLICIT_RETAIN_SELF = YES;
				CLANG_WARN_OBJC_LITERAL_CONVERSION = YES;
				CLANG_WARN_OBJC_ROOT_CLASS = YES_ERROR;
				CLANG_WARN_QUOTED_INCLUDE_IN_FRAMEWORK_HEADER = YES;
				CLANG_WARN_RANGE_LOOP_ANALYSIS = YES;
				CLANG_WARN_STRICT_PROTOTYPES = YES;
				CLANG_WARN_SUSPICIOUS_MOVE = YES;
				CLANG_WARN_UNGUARDED_AVAILABILITY = YES_AGGRESSIVE;
				CLANG_WARN_UNREACHABLE_CODE = YES;
				CLANG_WARN__DUPLICATE_METHOD_MATCH = YES;
				COPY_PHASE_STRIP = NO;
				DEBUG_INFORMATION_FORMAT = "dwarf-with-dsym";
				ENABLE_NS_ASSERTIONS = NO;
				ENABLE_STRICT_OBJC_MSGSEND = YES;
				ENABLE_USER_SCRIPT_SANDBOXING = YES;
				GCC_C_LANGUAGE_STANDARD = gnu17;
				GCC_NO_COMMON_BLOCKS = YES;
				GCC_WARN_64_TO_32_BIT_CONVERSION = YES;
				GCC_WARN_ABOUT_RETURN_TYPE = YES_ERROR;
				GCC_WARN_UNDECLARED_SELECTOR = YES;
				GCC_WARN_UNINITIALIZED_AUTOS = YES_AGGRESSIVE;
				GCC_WARN_UNUSED_FUNCTION = YES;
				GCC_WARN_UNUSED_VARIABLE = YES;
				IPHONEOS_DEPLOYMENT_TARGET = 17.0;
				LOCALIZATION_PREFERS_STRING_CATALOGS = YES;
				MTL_ENABLE_DEBUG_INFO = NO;
				MTL_FAST_MATH = YES;
				SDKROOT = iphoneos;
				SWIFT_COMPILATION_MODE = wholemodule;
				VALIDATE_PRODUCT = YES;
			};
			name = Release;
		};
		BF3E12DC2B1D5D5100F148F3 /* Debug */ = {
			isa = XCBuildConfiguration;
			buildSettings = {
				ASSETCATALOG_COMPILER_APPICON_NAME = AppIcon;
				ASSETCATALOG_COMPILER_GLOBAL_ACCENT_COLOR_NAME = AccentColor;
				CODE_SIGN_STYLE = Automatic;
				CURRENT_PROJECT_VERSION = 1;
				DEVELOPMENT_ASSET_PATHS = "\"AOC2023/Preview Content\"";
				DEVELOPMENT_TEAM = WE3Z3S3MCF;
				ENABLE_PREVIEWS = YES;
				GENERATE_INFOPLIST_FILE = YES;
				INFOPLIST_KEY_UIApplicationSceneManifest_Generation = YES;
				INFOPLIST_KEY_UIApplicationSupportsIndirectInputEvents = YES;
				INFOPLIST_KEY_UILaunchScreen_Generation = YES;
				INFOPLIST_KEY_UISupportedInterfaceOrientations_iPad = "UIInterfaceOrientationPortrait UIInterfaceOrientationPortraitUpsideDown UIInterfaceOrientationLandscapeLeft UIInterfaceOrientationLandscapeRight";
				INFOPLIST_KEY_UISupportedInterfaceOrientations_iPhone = "UIInterfaceOrientationPortrait UIInterfaceOrientationLandscapeLeft UIInterfaceOrientationLandscapeRight";
				LD_RUNPATH_SEARCH_PATHS = (
					"$(inherited)",
					"@executable_path/Frameworks",
				);
				MARKETING_VERSION = 1.0;
				PRODUCT_BUNDLE_IDENTIFIER = com.pineo.aoc.AOC2023;
				PRODUCT_NAME = "$(TARGET_NAME)";
				SWIFT_EMIT_LOC_STRINGS = YES;
				SWIFT_VERSION = 5.0;
				TARGETED_DEVICE_FAMILY = "1,2";
			};
			name = Debug;
		};
		BF3E12DD2B1D5D5100F148F3 /* Release */ = {
			isa = XCBuildConfiguration;
			buildSettings = {
				ASSETCATALOG_COMPILER_APPICON_NAME = AppIcon;
				ASSETCATALOG_COMPILER_GLOBAL_ACCENT_COLOR_NAME = AccentColor;
				CODE_SIGN_STYLE = Automatic;
				CURRENT_PROJECT_VERSION = 1;
				DEVELOPMENT_ASSET_PATHS = "\"AOC2023/Preview Content\"";
				DEVELOPMENT_TEAM = WE3Z3S3MCF;
				ENABLE_PREVIEWS = YES;
				GENERATE_INFOPLIST_FILE = YES;
				INFOPLIST_KEY_UIApplicationSceneManifest_Generation = YES;
				INFOPLIST_KEY_UIApplicationSupportsIndirectInputEvents = YES;
				INFOPLIST_KEY_UILaunchScreen_Generation = YES;
				INFOPLIST_KEY_UISupportedInterfaceOrientations_iPad = "UIInterfaceOrientationPortrait UIInterfaceOrientationPortraitUpsideDown UIInterfaceOrientationLandscapeLeft UIInterfaceOrientationLandscapeRight";
				INFOPLIST_KEY_UISupportedInterfaceOrientations_iPhone = "UIInterfaceOrientationPortrait UIInterfaceOrientationLandscapeLeft UIInterfaceOrientationLandscapeRight";
				LD_RUNPATH_SEARCH_PATHS = (
					"$(inherited)",
					"@executable_path/Frameworks",
				);
				MARKETING_VERSION = 1.0;
				PRODUCT_BUNDLE_IDENTIFIER = com.pineo.aoc.AOC2023;
				PRODUCT_NAME = "$(TARGET_NAME)";
				SWIFT_EMIT_LOC_STRINGS = YES;
				SWIFT_VERSION = 5.0;
				TARGETED_DEVICE_FAMILY = "1,2";
			};
			name = Release;
		};
		BF3E12DF2B1D5D5100F148F3 /* Debug */ = {
			isa = XCBuildConfiguration;
			buildSettings = {
				ALWAYS_EMBED_SWIFT_STANDARD_LIBRARIES = YES;
				BUNDLE_LOADER = "$(TEST_HOST)";
				CODE_SIGN_STYLE = Automatic;
				CURRENT_PROJECT_VERSION = 1;
				DEVELOPMENT_TEAM = WE3Z3S3MCF;
				GENERATE_INFOPLIST_FILE = YES;
				IPHONEOS_DEPLOYMENT_TARGET = 17.0;
				MARKETING_VERSION = 1.0;
				PRODUCT_BUNDLE_IDENTIFIER = com.pineo.aoc.AOC2023Tests;
				PRODUCT_NAME = "$(TARGET_NAME)";
				SWIFT_EMIT_LOC_STRINGS = NO;
				SWIFT_VERSION = 5.0;
				TARGETED_DEVICE_FAMILY = "1,2";
				TEST_HOST = "$(BUILT_PRODUCTS_DIR)/AOC2023.app/$(BUNDLE_EXECUTABLE_FOLDER_PATH)/AOC2023";
			};
			name = Debug;
		};
		BF3E12E02B1D5D5100F148F3 /* Release */ = {
			isa = XCBuildConfiguration;
			buildSettings = {
				ALWAYS_EMBED_SWIFT_STANDARD_LIBRARIES = YES;
				BUNDLE_LOADER = "$(TEST_HOST)";
				CODE_SIGN_STYLE = Automatic;
				CURRENT_PROJECT_VERSION = 1;
				DEVELOPMENT_TEAM = WE3Z3S3MCF;
				GENERATE_INFOPLIST_FILE = YES;
				IPHONEOS_DEPLOYMENT_TARGET = 17.0;
				MARKETING_VERSION = 1.0;
				PRODUCT_BUNDLE_IDENTIFIER = com.pineo.aoc.AOC2023Tests;
				PRODUCT_NAME = "$(TARGET_NAME)";
				SWIFT_EMIT_LOC_STRINGS = NO;
				SWIFT_VERSION = 5.0;
				TARGETED_DEVICE_FAMILY = "1,2";
				TEST_HOST = "$(BUILT_PRODUCTS_DIR)/AOC2023.app/$(BUNDLE_EXECUTABLE_FOLDER_PATH)/AOC2023";
			};
			name = Release;
		};
/* End XCBuildConfiguration section */

/* Begin XCConfigurationList section */
		BF3E12B22B1D5D5000F148F3 /* Build configuration list for PBXProject "AOC2023" */ = {
			isa = XCConfigurationList;
			buildConfigurations = (
				BF3E12D92B1D5D5100F148F3 /* Debug */,
				BF3E12DA2B1D5D5100F148F3 /* Release */,
			);
			defaultConfigurationIsVisible = 0;
			defaultConfigurationName = Release;
		};
		BF3E12DB2B1D5D5100F148F3 /* Build configuration list for PBXNativeTarget "AOC2023" */ = {
			isa = XCConfigurationList;
			buildConfigurations = (
				BF3E12DC2B1D5D5100F148F3 /* Debug */,
				BF3E12DD2B1D5D5100F148F3 /* Release */,
			);
			defaultConfigurationIsVisible = 0;
			defaultConfigurationName = Release;
		};
		BF3E12DE2B1D5D5100F148F3 /* Build configuration list for PBXNativeTarget "AOC2023Tests" */ = {
			isa = XCConfigurationList;
			buildConfigurations = (
				BF3E12DF2B1D5D5100F148F3 /* Debug */,
				BF3E12E02B1D5D5100F148F3 /* Release */,
			);
			defaultConfigurationIsVisible = 0;
			defaultConfigurationName = Release;
		};
/* End XCConfigurationList section */

/* Begin XCRemoteSwiftPackageReference section */
		BF3E13092B1D5EA500F148F3 /* XCRemoteSwiftPackageReference "AOCLib" */ = {
			isa = XCRemoteSwiftPackageReference;
			repositoryURL = "https://github.com/richardpineo/AOCLib.git";
			requirement = {
				branch = main;
				kind = branch;
			};
		};
/* End XCRemoteSwiftPackageReference section */

/* Begin XCSwiftPackageProductDependency section */
		BF3E130A2B1D5EA500F148F3 /* AOCLib */ = {
			isa = XCSwiftPackageProductDependency;
			package = BF3E13092B1D5EA500F148F3 /* XCRemoteSwiftPackageReference "AOCLib" */;
			productName = AOCLib;
		};
/* End XCSwiftPackageProductDependency section */
	};
	rootObject = BF3E12AF2B1D5D5000F148F3 /* Project object */;
}
